
Microsoft Visual Studio Solution File, Format Version 12.00
# Visual Studio Version 16
VisualStudioVersion = 16.0.32929.386
MinimumVisualStudioVersion = 10.0.40219.1
Project("{9A19103F-16F7-4668-BE54-9A1E7A4F7556}") = "ChallengeApp.tests", "tests\ChallengeApp.tests\ChallengeApp.tests.csproj", "{30049229-B0B4-4CBD-8B1C-590DA87CFB44}"
EndProject
Project("{9A19103F-16F7-4668-BE54-9A1E7A4F7556}") = "ChallengeApp", "Student\ChallengeApp.csproj", "{473E5CCB-F7D6-448A-8D34-B9EB74072680}"
EndProject
Global
	GlobalSection(SolutionConfigurationPlatforms) = preSolution
		Debug|Any CPU = Debug|Any CPU
		Release|Any CPU = Release|Any CPU
	EndGlobalSection
	GlobalSection(ProjectConfigurationPlatforms) = postSolution
		{30049229-B0B4-4CBD-8B1C-590DA87CFB44}.Debug|Any CPU.ActiveCfg = Debug|Any CPU
		{30049229-B0B4-4CBD-8B1C-590DA87CFB44}.Debug|Any CPU.Build.0 = Debug|Any CPU
		{30049229-B0B4-4CBD-8B1C-590DA87CFB44}.Release|Any CPU.ActiveCfg = Release|Any CPU
		{30049229-B0B4-4CBD-8B1C-590DA87CFB44}.Release|Any CPU.Build.0 = Release|Any CPU
		{473E5CCB-F7D6-448A-8D34-B9EB74072680}.Debug|Any CPU.ActiveCfg = Debug|Any CPU
		{473E5CCB-F7D6-448A-8D34-B9EB74072680}.Debug|Any CPU.Build.0 = Debug|Any CPU
		{473E5CCB-F7D6-448A-8D34-B9EB74072680}.Release|Any CPU.ActiveCfg = Release|Any CPU
		{473E5CCB-F7D6-448A-8D34-B9EB74072680}.Release|Any CPU.Build.0 = Release|Any CPU
	EndGlobalSection
	GlobalSection(SolutionProperties) = preSolution
		HideSolutionNode = FALSE
	EndGlobalSection
	GlobalSection(ExtensibilityGlobals) = postSolution
		SolutionGuid = {453280A9-897A-40E3-AEF3-37D64B60056F}
	EndGlobalSection
EndGlobal
